// !$*UTF8*$!
{
	archiveVersion = 1;
	classes = {
	};
	objectVersion = 77;
	objects = {

/* Begin PBXContainerItemProxy section */
		AE737C292D1D7C5B00922E24 /* PBXContainerItemProxy */ = {
			isa = PBXContainerItemProxy;
			containerPortal = AE737C102D1D7C5A00922E24 /* Project object */;
			proxyType = 1;
			remoteGlobalIDString = AE737C172D1D7C5A00922E24;
			remoteInfo = TimeSignal;
		};
		AE737C332D1D7C5B00922E24 /* PBXContainerItemProxy */ = {
			isa = PBXContainerItemProxy;
			containerPortal = AE737C102D1D7C5A00922E24 /* Project object */;
			proxyType = 1;
			remoteGlobalIDString = AE737C172D1D7C5A00922E24;
			remoteInfo = TimeSignal;
		};
/* End PBXContainerItemProxy section */

/* Begin PBXCopyFilesBuildPhase section */
		AE737C652D1E735B00922E24 /* Embed Foundation Extensions */ = {
			isa = PBXCopyFilesBuildPhase;
			buildActionMask = 2147483647;
			dstPath = "";
			dstSubfolderSpec = 13;
			files = (
			);
			name = "Embed Foundation Extensions";
			runOnlyForDeploymentPostprocessing = 0;
		};
/* End PBXCopyFilesBuildPhase section */

/* Begin PBXFileReference section */
		AE737C182D1D7C5A00922E24 /* シンプル時報.app */ = {isa = PBXFileReference; explicitFileType = wrapper.application; includeInIndex = 0; path = "シンプル時報.app"; sourceTree = BUILT_PRODUCTS_DIR; };
		AE737C282D1D7C5B00922E24 /* シンプル時報Tests.xctest */ = {isa = PBXFileReference; explicitFileType = wrapper.cfbundle; includeInIndex = 0; path = "シンプル時報Tests.xctest"; sourceTree = BUILT_PRODUCTS_DIR; };
		AE737C322D1D7C5B00922E24 /* シンプル時報UITests.xctest */ = {isa = PBXFileReference; explicitFileType = wrapper.cfbundle; includeInIndex = 0; path = "シンプル時報UITests.xctest"; sourceTree = BUILT_PRODUCTS_DIR; };
		AE737C6C2D1E7F7500922E24 /* UserNotifications.framework */ = {isa = PBXFileReference; lastKnownFileType = wrapper.framework; name = UserNotifications.framework; path = System/Library/Frameworks/UserNotifications.framework; sourceTree = SDKROOT; };
/* End PBXFileReference section */

/* Begin PBXFileSystemSynchronizedBuildFileExceptionSet section */
		AE737C592D1D8DA000922E24 /* Exceptions for "TimeSignal" folder in "シンプル時報" target */ = {
			isa = PBXFileSystemSynchronizedBuildFileExceptionSet;
			membershipExceptions = (
				Info.plist,
			);
			target = AE737C172D1D7C5A00922E24 /* シンプル時報 */;
		};
/* End PBXFileSystemSynchronizedBuildFileExceptionSet section */

/* Begin PBXFileSystemSynchronizedRootGroup section */
		AE737C1A2D1D7C5A00922E24 /* TimeSignal */ = {
			isa = PBXFileSystemSynchronizedRootGroup;
			exceptions = (
				AE737C592D1D8DA000922E24 /* Exceptions for "TimeSignal" folder in "シンプル時報" target */,
			);
			path = TimeSignal;
			sourceTree = "<group>";
		};
		AE737C2B2D1D7C5B00922E24 /* TimeSignalTests */ = {
			isa = PBXFileSystemSynchronizedRootGroup;
			path = TimeSignalTests;
			sourceTree = "<group>";
		};
		AE737C352D1D7C5B00922E24 /* TimeSignalUITests */ = {
			isa = PBXFileSystemSynchronizedRootGroup;
			path = TimeSignalUITests;
			sourceTree = "<group>";
		};
/* End PBXFileSystemSynchronizedRootGroup section */

/* Begin PBXFrameworksBuildPhase section */
		AE737C152D1D7C5A00922E24 /* Frameworks */ = {
			isa = PBXFrameworksBuildPhase;
			buildActionMask = 2147483647;
			files = (
			);
			runOnlyForDeploymentPostprocessing = 0;
		};
		AE737C252D1D7C5B00922E24 /* Frameworks */ = {
			isa = PBXFrameworksBuildPhase;
			buildActionMask = 2147483647;
			files = (
			);
			runOnlyForDeploymentPostprocessing = 0;
		};
		AE737C2F2D1D7C5B00922E24 /* Frameworks */ = {
			isa = PBXFrameworksBuildPhase;
			buildActionMask = 2147483647;
			files = (
			);
			runOnlyForDeploymentPostprocessing = 0;
		};
/* End PBXFrameworksBuildPhase section */

/* Begin PBXGroup section */
		AE737C0F2D1D7C5A00922E24 = {
			isa = PBXGroup;
			children = (
				AE737C1A2D1D7C5A00922E24 /* TimeSignal */,
				AE737C2B2D1D7C5B00922E24 /* TimeSignalTests */,
				AE737C352D1D7C5B00922E24 /* TimeSignalUITests */,
				AE737C6B2D1E7F7500922E24 /* Frameworks */,
				AE737C192D1D7C5A00922E24 /* Products */,
			);
			sourceTree = "<group>";
		};
		AE737C192D1D7C5A00922E24 /* Products */ = {
			isa = PBXGroup;
			children = (
				AE737C182D1D7C5A00922E24 /* シンプル時報.app */,
				AE737C282D1D7C5B00922E24 /* シンプル時報Tests.xctest */,
				AE737C322D1D7C5B00922E24 /* シンプル時報UITests.xctest */,
			);
			name = Products;
			sourceTree = "<group>";
		};
		AE737C6B2D1E7F7500922E24 /* Frameworks */ = {
			isa = PBXGroup;
			children = (
				AE737C6C2D1E7F7500922E24 /* UserNotifications.framework */,
			);
			name = Frameworks;
			sourceTree = "<group>";
		};
/* End PBXGroup section */

/* Begin PBXNativeTarget section */
		AE737C172D1D7C5A00922E24 /* シンプル時報 */ = {
			isa = PBXNativeTarget;
			buildConfigurationList = AE737C3C2D1D7C5B00922E24 /* Build configuration list for PBXNativeTarget "シンプル時報" */;
			buildPhases = (
				AE737C142D1D7C5A00922E24 /* Sources */,
				AE737C152D1D7C5A00922E24 /* Frameworks */,
				AE737C162D1D7C5A00922E24 /* Resources */,
				AE737C652D1E735B00922E24 /* Embed Foundation Extensions */,
			);
			buildRules = (
			);
			dependencies = (
			);
			fileSystemSynchronizedGroups = (
				AE737C1A2D1D7C5A00922E24 /* TimeSignal */,
			);
			name = "シンプル時報";
			packageProductDependencies = (
			);
			productName = TimeSignal;
			productReference = AE737C182D1D7C5A00922E24 /* シンプル時報.app */;
			productType = "com.apple.product-type.application";
		};
		AE737C272D1D7C5B00922E24 /* シンプル時報Tests */ = {
			isa = PBXNativeTarget;
			buildConfigurationList = AE737C3F2D1D7C5B00922E24 /* Build configuration list for PBXNativeTarget "シンプル時報Tests" */;
			buildPhases = (
				AE737C242D1D7C5B00922E24 /* Sources */,
				AE737C252D1D7C5B00922E24 /* Frameworks */,
				AE737C262D1D7C5B00922E24 /* Resources */,
			);
			buildRules = (
			);
			dependencies = (
				AE737C2A2D1D7C5B00922E24 /* PBXTargetDependency */,
			);
			fileSystemSynchronizedGroups = (
				AE737C2B2D1D7C5B00922E24 /* TimeSignalTests */,
			);
			name = "シンプル時報Tests";
			packageProductDependencies = (
			);
			productName = TimeSignalTests;
			productReference = AE737C282D1D7C5B00922E24 /* シンプル時報Tests.xctest */;
			productType = "com.apple.product-type.bundle.unit-test";
		};
		AE737C312D1D7C5B00922E24 /* シンプル時報UITests */ = {
			isa = PBXNativeTarget;
			buildConfigurationList = AE737C422D1D7C5B00922E24 /* Build configuration list for PBXNativeTarget "シンプル時報UITests" */;
			buildPhases = (
				AE737C2E2D1D7C5B00922E24 /* Sources */,
				AE737C2F2D1D7C5B00922E24 /* Frameworks */,
				AE737C302D1D7C5B00922E24 /* Resources */,
			);
			buildRules = (
			);
			dependencies = (
				AE737C342D1D7C5B00922E24 /* PBXTargetDependency */,
			);
			fileSystemSynchronizedGroups = (
				AE737C352D1D7C5B00922E24 /* TimeSignalUITests */,
			);
			name = "シンプル時報UITests";
			packageProductDependencies = (
			);
			productName = TimeSignalUITests;
			productReference = AE737C322D1D7C5B00922E24 /* シンプル時報UITests.xctest */;
			productType = "com.apple.product-type.bundle.ui-testing";
		};
/* End PBXNativeTarget section */

/* Begin PBXProject section */
		AE737C102D1D7C5A00922E24 /* Project object */ = {
			isa = PBXProject;
			attributes = {
				BuildIndependentTargetsInParallel = 1;
				LastSwiftUpdateCheck = 1620;
				LastUpgradeCheck = 1620;
				TargetAttributes = {
					AE737C172D1D7C5A00922E24 = {
						CreatedOnToolsVersion = 16.2;
					};
					AE737C272D1D7C5B00922E24 = {
						CreatedOnToolsVersion = 16.2;
						TestTargetID = AE737C172D1D7C5A00922E24;
					};
					AE737C312D1D7C5B00922E24 = {
						CreatedOnToolsVersion = 16.2;
						TestTargetID = AE737C172D1D7C5A00922E24;
					};
				};
			};
			buildConfigurationList = AE737C132D1D7C5A00922E24 /* Build configuration list for PBXProject "シンプル時報" */;
			developmentRegion = en;
			hasScannedForEncodings = 0;
			knownRegions = (
				en,
				Base,
			);
			mainGroup = AE737C0F2D1D7C5A00922E24;
			minimizedProjectReferenceProxies = 1;
			preferredProjectObjectVersion = 77;
			productRefGroup = AE737C192D1D7C5A00922E24 /* Products */;
			projectDirPath = "";
			projectRoot = "";
			targets = (
				AE737C172D1D7C5A00922E24 /* シンプル時報 */,
				AE737C272D1D7C5B00922E24 /* シンプル時報Tests */,
				AE737C312D1D7C5B00922E24 /* シンプル時報UITests */,
			);
		};
/* End PBXProject section */

/* Begin PBXResourcesBuildPhase section */
		AE737C162D1D7C5A00922E24 /* Resources */ = {
			isa = PBXResourcesBuildPhase;
			buildActionMask = 2147483647;
			files = (
			);
			runOnlyForDeploymentPostprocessing = 0;
		};
		AE737C262D1D7C5B00922E24 /* Resources */ = {
			isa = PBXResourcesBuildPhase;
			buildActionMask = 2147483647;
			files = (
			);
			runOnlyForDeploymentPostprocessing = 0;
		};
		AE737C302D1D7C5B00922E24 /* Resources */ = {
			isa = PBXResourcesBuildPhase;
			buildActionMask = 2147483647;
			files = (
			);
			runOnlyForDeploymentPostprocessing = 0;
		};
/* End PBXResourcesBuildPhase section */

/* Begin PBXSourcesBuildPhase section */
		AE737C142D1D7C5A00922E24 /* Sources */ = {
			isa = PBXSourcesBuildPhase;
			buildActionMask = 2147483647;
			files = (
			);
			runOnlyForDeploymentPostprocessing = 0;
		};
		AE737C242D1D7C5B00922E24 /* Sources */ = {
			isa = PBXSourcesBuildPhase;
			buildActionMask = 2147483647;
			files = (
			);
			runOnlyForDeploymentPostprocessing = 0;
		};
		AE737C2E2D1D7C5B00922E24 /* Sources */ = {
			isa = PBXSourcesBuildPhase;
			buildActionMask = 2147483647;
			files = (
			);
			runOnlyForDeploymentPostprocessing = 0;
		};
/* End PBXSourcesBuildPhase section */

/* Begin PBXTargetDependency section */
		AE737C2A2D1D7C5B00922E24 /* PBXTargetDependency */ = {
			isa = PBXTargetDependency;
			target = AE737C172D1D7C5A00922E24 /* シンプル時報 */;
			targetProxy = AE737C292D1D7C5B00922E24 /* PBXContainerItemProxy */;
		};
		AE737C342D1D7C5B00922E24 /* PBXTargetDependency */ = {
			isa = PBXTargetDependency;
			target = AE737C172D1D7C5A00922E24 /* シンプル時報 */;
			targetProxy = AE737C332D1D7C5B00922E24 /* PBXContainerItemProxy */;
		};
/* End PBXTargetDependency section */

/* Begin XCBuildConfiguration section */
		AE737C3A2D1D7C5B00922E24 /* Debug */ = {
			isa = XCBuildConfiguration;
			buildSettings = {
				ALWAYS_SEARCH_USER_PATHS = NO;
				ASSETCATALOG_COMPILER_GENERATE_SWIFT_ASSET_SYMBOL_EXTENSIONS = YES;
				CLANG_ANALYZER_NONNULL = YES;
				CLANG_ANALYZER_NUMBER_OBJECT_CONVERSION = YES_AGGRESSIVE;
				CLANG_CXX_LANGUAGE_STANDARD = "gnu++20";
				CLANG_ENABLE_MODULES = YES;
				CLANG_ENABLE_OBJC_ARC = YES;
				CLANG_ENABLE_OBJC_WEAK = YES;
				CLANG_WARN_BLOCK_CAPTURE_AUTORELEASING = YES;
				CLANG_WARN_BOOL_CONVERSION = YES;
				CLANG_WARN_COMMA = YES;
				CLANG_WARN_CONSTANT_CONVERSION = YES;
				CLANG_WARN_DEPRECATED_OBJC_IMPLEMENTATIONS = YES;
				CLANG_WARN_DIRECT_OBJC_ISA_USAGE = YES_ERROR;
				CLANG_WARN_DOCUMENTATION_COMMENTS = YES;
				CLANG_WARN_EMPTY_BODY = YES;
				CLANG_WARN_ENUM_CONVERSION = YES;
				CLANG_WARN_INFINITE_RECURSION = YES;
				CLANG_WARN_INT_CONVERSION = YES;
				CLANG_WARN_NON_LITERAL_NULL_CONVERSION = YES;
				CLANG_WARN_OBJC_IMPLICIT_RETAIN_SELF = YES;
				CLANG_WARN_OBJC_LITERAL_CONVERSION = YES;
				CLANG_WARN_OBJC_ROOT_CLASS = YES_ERROR;
				CLANG_WARN_QUOTED_INCLUDE_IN_FRAMEWORK_HEADER = YES;
				CLANG_WARN_RANGE_LOOP_ANALYSIS = YES;
				CLANG_WARN_STRICT_PROTOTYPES = YES;
				CLANG_WARN_SUSPICIOUS_MOVE = YES;
				CLANG_WARN_UNGUARDED_AVAILABILITY = YES_AGGRESSIVE;
				CLANG_WARN_UNREACHABLE_CODE = YES;
				CLANG_WARN__DUPLICATE_METHOD_MATCH = YES;
				COPY_PHASE_STRIP = NO;
				DEBUG_INFORMATION_FORMAT = dwarf;
				ENABLE_STRICT_OBJC_MSGSEND = YES;
				ENABLE_TESTABILITY = YES;
				ENABLE_USER_SCRIPT_SANDBOXING = YES;
				GCC_C_LANGUAGE_STANDARD = gnu17;
				GCC_DYNAMIC_NO_PIC = NO;
				GCC_NO_COMMON_BLOCKS = YES;
				GCC_OPTIMIZATION_LEVEL = 0;
				GCC_PREPROCESSOR_DEFINITIONS = (
					"DEBUG=1",
					"$(inherited)",
				);
				GCC_WARN_64_TO_32_BIT_CONVERSION = YES;
				GCC_WARN_ABOUT_RETURN_TYPE = YES_ERROR;
				GCC_WARN_UNDECLARED_SELECTOR = YES;
				GCC_WARN_UNINITIALIZED_AUTOS = YES_AGGRESSIVE;
				GCC_WARN_UNUSED_FUNCTION = YES;
				GCC_WARN_UNUSED_VARIABLE = YES;
				IPHONEOS_DEPLOYMENT_TARGET = 18.2;
				LOCALIZATION_PREFERS_STRING_CATALOGS = YES;
				MTL_ENABLE_DEBUG_INFO = INCLUDE_SOURCE;
				MTL_FAST_MATH = YES;
				ONLY_ACTIVE_ARCH = YES;
				SDKROOT = iphoneos;
				SWIFT_ACTIVE_COMPILATION_CONDITIONS = "DEBUG $(inherited)";
				SWIFT_OPTIMIZATION_LEVEL = "-Onone";
			};
			name = Debug;
		};
		AE737C3B2D1D7C5B00922E24 /* Release */ = {
			isa = XCBuildConfiguration;
			buildSettings = {
				ALWAYS_SEARCH_USER_PATHS = NO;
				ASSETCATALOG_COMPILER_GENERATE_SWIFT_ASSET_SYMBOL_EXTENSIONS = YES;
				CLANG_ANALYZER_NONNULL = YES;
				CLANG_ANALYZER_NUMBER_OBJECT_CONVERSION = YES_AGGRESSIVE;
				CLANG_CXX_LANGUAGE_STANDARD = "gnu++20";
				CLANG_ENABLE_MODULES = YES;
				CLANG_ENABLE_OBJC_ARC = YES;
				CLANG_ENABLE_OBJC_WEAK = YES;
				CLANG_WARN_BLOCK_CAPTURE_AUTORELEASING = YES;
				CLANG_WARN_BOOL_CONVERSION = YES;
				CLANG_WARN_COMMA = YES;
				CLANG_WARN_CONSTANT_CONVERSION = YES;
				CLANG_WARN_DEPRECATED_OBJC_IMPLEMENTATIONS = YES;
				CLANG_WARN_DIRECT_OBJC_ISA_USAGE = YES_ERROR;
				CLANG_WARN_DOCUMENTATION_COMMENTS = YES;
				CLANG_WARN_EMPTY_BODY = YES;
				CLANG_WARN_ENUM_CONVERSION = YES;
				CLANG_WARN_INFINITE_RECURSION = YES;
				CLANG_WARN_INT_CONVERSION = YES;
				CLANG_WARN_NON_LITERAL_NULL_CONVERSION = YES;
				CLANG_WARN_OBJC_IMPLICIT_RETAIN_SELF = YES;
				CLANG_WARN_OBJC_LITERAL_CONVERSION = YES;
				CLANG_WARN_OBJC_ROOT_CLASS = YES_ERROR;
				CLANG_WARN_QUOTED_INCLUDE_IN_FRAMEWORK_HEADER = YES;
				CLANG_WARN_RANGE_LOOP_ANALYSIS = YES;
				CLANG_WARN_STRICT_PROTOTYPES = YES;
				CLANG_WARN_SUSPICIOUS_MOVE = YES;
				CLANG_WARN_UNGUARDED_AVAILABILITY = YES_AGGRESSIVE;
				CLANG_WARN_UNREACHABLE_CODE = YES;
				CLANG_WARN__DUPLICATE_METHOD_MATCH = YES;
				COPY_PHASE_STRIP = NO;
				DEBUG_INFORMATION_FORMAT = "dwarf-with-dsym";
				ENABLE_NS_ASSERTIONS = NO;
				ENABLE_STRICT_OBJC_MSGSEND = YES;
				ENABLE_USER_SCRIPT_SANDBOXING = YES;
				GCC_C_LANGUAGE_STANDARD = gnu17;
				GCC_NO_COMMON_BLOCKS = YES;
				GCC_WARN_64_TO_32_BIT_CONVERSION = YES;
				GCC_WARN_ABOUT_RETURN_TYPE = YES_ERROR;
				GCC_WARN_UNDECLARED_SELECTOR = YES;
				GCC_WARN_UNINITIALIZED_AUTOS = YES_AGGRESSIVE;
				GCC_WARN_UNUSED_FUNCTION = YES;
				GCC_WARN_UNUSED_VARIABLE = YES;
				IPHONEOS_DEPLOYMENT_TARGET = 18.2;
				LOCALIZATION_PREFERS_STRING_CATALOGS = YES;
				MTL_ENABLE_DEBUG_INFO = NO;
				MTL_FAST_MATH = YES;
				SDKROOT = iphoneos;
				SWIFT_COMPILATION_MODE = wholemodule;
				VALIDATE_PRODUCT = YES;
			};
			name = Release;
		};
		AE737C3D2D1D7C5B00922E24 /* Debug */ = {
			isa = XCBuildConfiguration;
			buildSettings = {
				ASSETCATALOG_COMPILER_APPICON_NAME = AppIcon;
				ASSETCATALOG_COMPILER_GLOBAL_ACCENT_COLOR_NAME = AccentColor;
				ASSETCATALOG_COMPILER_INCLUDE_ALL_APPICON_ASSETS = NO;
				CODE_SIGN_STYLE = Automatic;
				CURRENT_PROJECT_VERSION = 1;
				DEVELOPMENT_ASSET_PATHS = "";
				DEVELOPMENT_TEAM = WLU3DRHKX7;
				ENABLE_PREVIEWS = YES;
				GENERATE_INFOPLIST_FILE = YES;
				INFOPLIST_FILE = "$(SRCROOT)/TimeSignal/Info.plist";
				INFOPLIST_KEY_CFBundleDisplayName = "シンプル時報";
				INFOPLIST_KEY_LSApplicationCategoryType = "public.app-category.lifestyle";
				INFOPLIST_KEY_UIApplicationSceneManifest_Generation = YES;
				INFOPLIST_KEY_UIApplicationSupportsIndirectInputEvents = YES;
				INFOPLIST_KEY_UILaunchScreen_Generation = YES;
				INFOPLIST_KEY_UISupportedInterfaceOrientations_iPad = "UIInterfaceOrientationPortrait UIInterfaceOrientationPortraitUpsideDown UIInterfaceOrientationLandscapeLeft UIInterfaceOrientationLandscapeRight";
				INFOPLIST_KEY_UISupportedInterfaceOrientations_iPhone = "UIInterfaceOrientationPortrait UIInterfaceOrientationLandscapeLeft UIInterfaceOrientationLandscapeRight";
				LD_RUNPATH_SEARCH_PATHS = (
					"$(inherited)",
					"@executable_path/Frameworks",
				);
				MARKETING_VERSION = 1.0;
				PRODUCT_BUNDLE_IDENTIFIER = jouji.TimeSignal;
				PRODUCT_NAME = "$(TARGET_NAME)";
				SWIFT_EMIT_LOC_STRINGS = YES;
				SWIFT_VERSION = 5.0;
				TARGETED_DEVICE_FAMILY = "1,2";
			};
			name = Debug;
		};
		AE737C3E2D1D7C5B00922E24 /* Release */ = {
			isa = XCBuildConfiguration;
			buildSettings = {
				ASSETCATALOG_COMPILER_APPICON_NAME = AppIcon;
				ASSETCATALOG_COMPILER_GLOBAL_ACCENT_COLOR_NAME = AccentColor;
				ASSETCATALOG_COMPILER_INCLUDE_ALL_APPICON_ASSETS = NO;
				CODE_SIGN_STYLE = Automatic;
				CURRENT_PROJECT_VERSION = 1;
				DEVELOPMENT_ASSET_PATHS = "";
				DEVELOPMENT_TEAM = WLU3DRHKX7;
				ENABLE_PREVIEWS = YES;
				GENERATE_INFOPLIST_FILE = YES;
				INFOPLIST_FILE = "$(SRCROOT)/TimeSignal/Info.plist";
				INFOPLIST_KEY_CFBundleDisplayName = "シンプル時報";
				INFOPLIST_KEY_LSApplicationCategoryType = "public.app-category.lifestyle";
				INFOPLIST_KEY_UIApplicationSceneManifest_Generation = YES;
				INFOPLIST_KEY_UIApplicationSupportsIndirectInputEvents = YES;
				INFOPLIST_KEY_UILaunchScreen_Generation = YES;
				INFOPLIST_KEY_UISupportedInterfaceOrientations_iPad = "UIInterfaceOrientationPortrait UIInterfaceOrientationPortraitUpsideDown UIInterfaceOrientationLandscapeLeft UIInterfaceOrientationLandscapeRight";
				INFOPLIST_KEY_UISupportedInterfaceOrientations_iPhone = "UIInterfaceOrientationPortrait UIInterfaceOrientationLandscapeLeft UIInterfaceOrientationLandscapeRight";
				LD_RUNPATH_SEARCH_PATHS = (
					"$(inherited)",
					"@executable_path/Frameworks",
				);
				MARKETING_VERSION = 1.0;
				PRODUCT_BUNDLE_IDENTIFIER = jouji.TimeSignal;
				PRODUCT_NAME = "$(TARGET_NAME)";
				SWIFT_EMIT_LOC_STRINGS = YES;
				SWIFT_VERSION = 5.0;
				TARGETED_DEVICE_FAMILY = "1,2";
			};
			name = Release;
		};
		AE737C402D1D7C5B00922E24 /* Debug */ = {
			isa = XCBuildConfiguration;
			buildSettings = {
				BUNDLE_LOADER = "$(TEST_HOST)";
				CODE_SIGN_STYLE = Automatic;
				CURRENT_PROJECT_VERSION = 1;
				DEVELOPMENT_TEAM = WLU3DRHKX7;
				GENERATE_INFOPLIST_FILE = YES;
				IPHONEOS_DEPLOYMENT_TARGET = 18.2;
				MARKETING_VERSION = 1.0;
				PRODUCT_BUNDLE_IDENTIFIER = jouji.TimeSignalTests;
				PRODUCT_NAME = "$(TARGET_NAME)";
				SWIFT_EMIT_LOC_STRINGS = NO;
				SWIFT_VERSION = 5.0;
				TARGETED_DEVICE_FAMILY = "1,2";
				TEST_HOST = "$(BUILT_PRODUCTS_DIR)/シンプル時報.app/$(BUNDLE_EXECUTABLE_FOLDER_PATH)/シンプル時報";
			};
			name = Debug;
		};
		AE737C412D1D7C5B00922E24 /* Release */ = {
			isa = XCBuildConfiguration;
			buildSettings = {
				BUNDLE_LOADER = "$(TEST_HOST)";
				CODE_SIGN_STYLE = Automatic;
				CURRENT_PROJECT_VERSION = 1;
				DEVELOPMENT_TEAM = WLU3DRHKX7;
				GENERATE_INFOPLIST_FILE = YES;
				IPHONEOS_DEPLOYMENT_TARGET = 18.2;
				MARKETING_VERSION = 1.0;
				PRODUCT_BUNDLE_IDENTIFIER = jouji.TimeSignalTests;
				PRODUCT_NAME = "$(TARGET_NAME)";
				SWIFT_EMIT_LOC_STRINGS = NO;
				SWIFT_VERSION = 5.0;
				TARGETED_DEVICE_FAMILY = "1,2";
				TEST_HOST = "$(BUILT_PRODUCTS_DIR)/シンプル時報.app/$(BUNDLE_EXECUTABLE_FOLDER_PATH)/シンプル時報";
			};
			name = Release;
		};
		AE737C432D1D7C5B00922E24 /* Debug */ = {
			isa = XCBuildConfiguration;
			buildSettings = {
				CODE_SIGN_STYLE = Automatic;
				CURRENT_PROJECT_VERSION = 1;
				DEVELOPMENT_TEAM = WLU3DRHKX7;
				GENERATE_INFOPLIST_FILE = YES;
				MARKETING_VERSION = 1.0;
				PRODUCT_BUNDLE_IDENTIFIER = jouji.TimeSignalUITests;
				PRODUCT_NAME = "$(TARGET_NAME)";
				SWIFT_EMIT_LOC_STRINGS = NO;
				SWIFT_VERSION = 5.0;
				TARGETED_DEVICE_FAMILY = "1,2";
				TEST_TARGET_NAME = TimeSignal;
			};
			name = Debug;
		};
		AE737C442D1D7C5B00922E24 /* Release */ = {
			isa = XCBuildConfiguration;
			buildSettings = {
				CODE_SIGN_STYLE = Automatic;
				CURRENT_PROJECT_VERSION = 1;
				DEVELOPMENT_TEAM = WLU3DRHKX7;
				GENERATE_INFOPLIST_FILE = YES;
				MARKETING_VERSION = 1.0;
				PRODUCT_BUNDLE_IDENTIFIER = jouji.TimeSignalUITests;
				PRODUCT_NAME = "$(TARGET_NAME)";
				SWIFT_EMIT_LOC_STRINGS = NO;
				SWIFT_VERSION = 5.0;
				TARGETED_DEVICE_FAMILY = "1,2";
				TEST_TARGET_NAME = TimeSignal;
			};
			name = Release;
		};
/* End XCBuildConfiguration section */

/* Begin XCConfigurationList section */
		AE737C132D1D7C5A00922E24 /* Build configuration list for PBXProject "シンプル時報" */ = {
			isa = XCConfigurationList;
			buildConfigurations = (
				AE737C3A2D1D7C5B00922E24 /* Debug */,
				AE737C3B2D1D7C5B00922E24 /* Release */,
			);
			defaultConfigurationIsVisible = 0;
			defaultConfigurationName = Release;
		};
		AE737C3C2D1D7C5B00922E24 /* Build configuration list for PBXNativeTarget "シンプル時報" */ = {
			isa = XCConfigurationList;
			buildConfigurations = (
				AE737C3D2D1D7C5B00922E24 /* Debug */,
				AE737C3E2D1D7C5B00922E24 /* Release */,
			);
			defaultConfigurationIsVisible = 0;
			defaultConfigurationName = Release;
		};
		AE737C3F2D1D7C5B00922E24 /* Build configuration list for PBXNativeTarget "シンプル時報Tests" */ = {
			isa = XCConfigurationList;
			buildConfigurations = (
				AE737C402D1D7C5B00922E24 /* Debug */,
				AE737C412D1D7C5B00922E24 /* Release */,
			);
			defaultConfigurationIsVisible = 0;
			defaultConfigurationName = Release;
		};
		AE737C422D1D7C5B00922E24 /* Build configuration list for PBXNativeTarget "シンプル時報UITests" */ = {
			isa = XCConfigurationList;
			buildConfigurations = (
				AE737C432D1D7C5B00922E24 /* Debug */,
				AE737C442D1D7C5B00922E24 /* Release */,
			);
			defaultConfigurationIsVisible = 0;
			defaultConfigurationName = Release;
		};
/* End XCConfigurationList section */
	};
	rootObject = AE737C102D1D7C5A00922E24 /* Project object */;
}
